
Microsoft Visual Studio Solution File, Format Version 12.00
# Visual Studio Version 17
VisualStudioVersion = 17.11.35208.52
MinimumVisualStudioVersion = 10.0.40219.1
Project("{FAE04EC0-301F-11D3-BF4B-00C04F79EFBC}") = "SatrAspProject", "SatrAspProject\SatrAspProject.csproj", "{77F0DD3D-74CC-4CF7-82A9-CE2F2F03C02C}"
EndProject
Global
	GlobalSection(SolutionConfigurationPlatforms) = preSolution
		Debug|Any CPU = Debug|Any CPU
		Release|Any CPU = Release|Any CPU
	EndGlobalSection
	GlobalSection(ProjectConfigurationPlatforms) = postSolution
		{77F0DD3D-74CC-4CF7-82A9-CE2F2F03C02C}.Debug|Any CPU.ActiveCfg = Debug|Any CPU
		{77F0DD3D-74CC-4CF7-82A9-CE2F2F03C02C}.Debug|Any CPU.Build.0 = Debug|Any CPU
		{77F0DD3D-74CC-4CF7-82A9-CE2F2F03C02C}.Release|Any CPU.ActiveCfg = Release|Any CPU
		{77F0DD3D-74CC-4CF7-82A9-CE2F2F03C02C}.Release|Any CPU.Build.0 = Release|Any CPU
	EndGlobalSection
	GlobalSection(SolutionProperties) = preSolution
		HideSolutionNode = FALSE
	EndGlobalSection
	GlobalSection(ExtensibilityGlobals) = postSolution
		SolutionGuid = {814944C6-6A0F-49AF-895E-2EC134E19B44}
	EndGlobalSection
EndGlobal
